
Microsoft Visual Studio Solution File, Format Version 12.00
# Visual Studio 2013
VisualStudioVersion = 12.0.21005.1
MinimumVisualStudioVersion = 10.0.40219.1
Project("{FAE04EC0-301F-11D3-BF4B-00C04F79EFBC}") = "01_SquareRoot", "01_SquareRoot\01_SquareRoot.csproj", "{2AB10EAB-047E-4BA3-A46A-5D96E8E31B19}"
EndProject
Project("{FAE04EC0-301F-11D3-BF4B-00C04F79EFBC}") = "02_EnterNumbers", "02_EnterNumbers\02_EnterNumbers.csproj", "{0F8BDA31-B7FC-4ADC-80EA-A0B145D62CC3}"
EndProject
Project("{FAE04EC0-301F-11D3-BF4B-00C04F79EFBC}") = "03_ReadFileContents", "03_ReadFileContents\03_ReadFileContents.csproj", "{B76B7793-58DA-4F74-988C-1B43C5E26C36}"
EndProject
Project("{FAE04EC0-301F-11D3-BF4B-00C04F79EFBC}") = "04_DownloadFile", "04_DownloadFile\04_DownloadFile.csproj", "{BDF9F8B9-6262-4C87-8136-DAE2DC7147C2}"
EndProject
Global
	GlobalSection(SolutionConfigurationPlatforms) = preSolution
		Debug|Any CPU = Debug|Any CPU
		Release|Any CPU = Release|Any CPU
	EndGlobalSection
	GlobalSection(ProjectConfigurationPlatforms) = postSolution
		{2AB10EAB-047E-4BA3-A46A-5D96E8E31B19}.Debug|Any CPU.ActiveCfg = Debug|Any CPU
		{2AB10EAB-047E-4BA3-A46A-5D96E8E31B19}.Debug|Any CPU.Build.0 = Debug|Any CPU
		{2AB10EAB-047E-4BA3-A46A-5D96E8E31B19}.Release|Any CPU.ActiveCfg = Release|Any CPU
		{2AB10EAB-047E-4BA3-A46A-5D96E8E31B19}.Release|Any CPU.Build.0 = Release|Any CPU
		{0F8BDA31-B7FC-4ADC-80EA-A0B145D62CC3}.Debug|Any CPU.ActiveCfg = Debug|Any CPU
		{0F8BDA31-B7FC-4ADC-80EA-A0B145D62CC3}.Debug|Any CPU.Build.0 = Debug|Any CPU
		{0F8BDA31-B7FC-4ADC-80EA-A0B145D62CC3}.Release|Any CPU.ActiveCfg = Release|Any CPU
		{0F8BDA31-B7FC-4ADC-80EA-A0B145D62CC3}.Release|Any CPU.Build.0 = Release|Any CPU
		{B76B7793-58DA-4F74-988C-1B43C5E26C36}.Debug|Any CPU.ActiveCfg = Debug|Any CPU
		{B76B7793-58DA-4F74-988C-1B43C5E26C36}.Debug|Any CPU.Build.0 = Debug|Any CPU
		{B76B7793-58DA-4F74-988C-1B43C5E26C36}.Release|Any CPU.ActiveCfg = Release|Any CPU
		{B76B7793-58DA-4F74-988C-1B43C5E26C36}.Release|Any CPU.Build.0 = Release|Any CPU
		{BDF9F8B9-6262-4C87-8136-DAE2DC7147C2}.Debug|Any CPU.ActiveCfg = Debug|Any CPU
		{BDF9F8B9-6262-4C87-8136-DAE2DC7147C2}.Debug|Any CPU.Build.0 = Debug|Any CPU
		{BDF9F8B9-6262-4C87-8136-DAE2DC7147C2}.Release|Any CPU.ActiveCfg = Release|Any CPU
		{BDF9F8B9-6262-4C87-8136-DAE2DC7147C2}.Release|Any CPU.Build.0 = Release|Any CPU
	EndGlobalSection
	GlobalSection(SolutionProperties) = preSolution
		HideSolutionNode = FALSE
	EndGlobalSection
EndGlobal
